
Microsoft Visual Studio Solution File, Format Version 12.00
Project("{FAE04EC0-301F-11D3-BF4B-00C04F79EFBC}") = "IISManager", "IISManager/IISManager.csproj", "{6B3CB0BC-1DF9-489E-89BC-CD6CF3DD8230}"
EndProject
Project("{FAE04EC0-301F-11D3-BF4B-00C04F79EFBC}") = "TestWebApplication", "TestWebApplication\TestWebApplication.csproj", "{575FB666-86F8-45D2-8C86-1A3AF9BDDDFB}"
EndProject
Project("{FAE04EC0-301F-11D3-BF4B-00C04F79EFBC}") = "IISManager.Cli", "IISManager.Cli\IISManager.Cli.csproj", "{A567A311-55FA-4A7E-88AE-04CE253ACDBB}"
EndProject
Global
	GlobalSection(SolutionConfigurationPlatforms) = preSolution
		Debug|Any CPU = Debug|Any CPU
		Release|Any CPU = Release|Any CPU
	EndGlobalSection
	GlobalSection(ProjectConfigurationPlatforms) = postSolution
		{6B3CB0BC-1DF9-489E-89BC-CD6CF3DD8230}.Debug|Any CPU.ActiveCfg = Debug|Any CPU
		{6B3CB0BC-1DF9-489E-89BC-CD6CF3DD8230}.Debug|Any CPU.Build.0 = Debug|Any CPU
		{6B3CB0BC-1DF9-489E-89BC-CD6CF3DD8230}.Release|Any CPU.ActiveCfg = Release|Any CPU
		{6B3CB0BC-1DF9-489E-89BC-CD6CF3DD8230}.Release|Any CPU.Build.0 = Release|Any CPU
		{575FB666-86F8-45D2-8C86-1A3AF9BDDDFB}.Debug|Any CPU.ActiveCfg = Debug|Any CPU
		{575FB666-86F8-45D2-8C86-1A3AF9BDDDFB}.Debug|Any CPU.Build.0 = Debug|Any CPU
		{575FB666-86F8-45D2-8C86-1A3AF9BDDDFB}.Release|Any CPU.ActiveCfg = Release|Any CPU
		{575FB666-86F8-45D2-8C86-1A3AF9BDDDFB}.Release|Any CPU.Build.0 = Release|Any CPU
		{A567A311-55FA-4A7E-88AE-04CE253ACDBB}.Debug|Any CPU.ActiveCfg = Debug|Any CPU
		{A567A311-55FA-4A7E-88AE-04CE253ACDBB}.Debug|Any CPU.Build.0 = Debug|Any CPU
		{A567A311-55FA-4A7E-88AE-04CE253ACDBB}.Release|Any CPU.ActiveCfg = Release|Any CPU
		{A567A311-55FA-4A7E-88AE-04CE253ACDBB}.Release|Any CPU.Build.0 = Release|Any CPU
	EndGlobalSection
EndGlobal
