
Microsoft Visual Studio Solution File, Format Version 12.00
Project("{FAE04EC0-301F-11D3-BF4B-00C04F79EFBC}") = "TestWebApp", "TestWebApp\TestWebApp.csproj", "{9AAC0DC8-0348-4E23-B0C0-9623326FABDC}"
EndProject
Global
	GlobalSection(SolutionConfigurationPlatforms) = preSolution
		Debug|Any CPU = Debug|Any CPU
		Release|Any CPU = Release|Any CPU
	EndGlobalSection
	GlobalSection(ProjectConfigurationPlatforms) = postSolution
		{9AAC0DC8-0348-4E23-B0C0-9623326FABDC}.Debug|Any CPU.ActiveCfg = Debug|Any CPU
		{9AAC0DC8-0348-4E23-B0C0-9623326FABDC}.Debug|Any CPU.Build.0 = Debug|Any CPU
		{9AAC0DC8-0348-4E23-B0C0-9623326FABDC}.Release|Any CPU.ActiveCfg = Release|Any CPU
		{9AAC0DC8-0348-4E23-B0C0-9623326FABDC}.Release|Any CPU.Build.0 = Release|Any CPU
	EndGlobalSection
EndGlobal
